// !$*UTF8*$!
{
	archiveVersion = 1;
	classes = {
	};
	objectVersion = 46;
	objects = {

/* Begin PBXBuildFile section */
		D47F59191DFB63F70013055F /* AppDelegate.swift in Sources */ = {isa = PBXBuildFile; fileRef = D47F59181DFB63F70013055F /* AppDelegate.swift */; };
		D47F591B1DFB63F70013055F /* ViewController.swift in Sources */ = {isa = PBXBuildFile; fileRef = D47F591A1DFB63F70013055F /* ViewController.swift */; };
		D47F591E1DFB63F70013055F /* Main.storyboard in Resources */ = {isa = PBXBuildFile; fileRef = D47F591C1DFB63F70013055F /* Main.storyboard */; };
		D47F59201DFB63F70013055F /* Assets.xcassets in Resources */ = {isa = PBXBuildFile; fileRef = D47F591F1DFB63F70013055F /* Assets.xcassets */; };
		D47F59231DFB63F70013055F /* LaunchScreen.storyboard in Resources */ = {isa = PBXBuildFile; fileRef = D47F59211DFB63F70013055F /* LaunchScreen.storyboard */; };
/* End PBXBuildFile section */

/* Begin PBXFileReference section */
		D47F59151DFB63F70013055F /* BowlGames.app */ = {isa = PBXFileReference; explicitFileType = wrapper.application; includeInIndex = 0; path = BowlGames.app; sourceTree = BUILT_PRODUCTS_DIR; };
		D47F59181DFB63F70013055F /* AppDelegate.swift */ = {isa = PBXFileReference; lastKnownFileType = sourcecode.swift; path = AppDelegate.swift; sourceTree = "<group>"; };
		D47F591A1DFB63F70013055F /* ViewController.swift */ = {isa = PBXFileReference; lastKnownFileType = sourcecode.swift; path = ViewController.swift; sourceTree = "<group>"; };
		D47F591D1DFB63F70013055F /* Base */ = {isa = PBXFileReference; lastKnownFileType = file.storyboard; name = Base; path = Base.lproj/Main.storyboard; sourceTree = "<group>"; };
		D47F591F1DFB63F70013055F /* Assets.xcassets */ = {isa = PBXFileReference; lastKnownFileType = folder.assetcatalog; path = Assets.xcassets; sourceTree = "<group>"; };
		D47F59221DFB63F70013055F /* Base */ = {isa = PBXFileReference; lastKnownFileType = file.storyboard; name = Base; path = Base.lproj/LaunchScreen.storyboard; sourceTree = "<group>"; };
		D47F59241DFB63F70013055F /* Info.plist */ = {isa = PBXFileReference; lastKnownFileType = text.plist.xml; path = Info.plist; sourceTree = "<group>"; };
/* End PBXFileReference section */

/* Begin PBXFrameworksBuildPhase section */
		D47F59121DFB63F70013055F /* Frameworks */ = {
			isa = PBXFrameworksBuildPhase;
			buildActionMask = 2147483647;
			files = (
			);
			runOnlyForDeploymentPostprocessing = 0;
		};
/* End PBXFrameworksBuildPhase section */

/* Begin PBXGroup section */
		D47F590C1DFB63F70013055F = {
			isa = PBXGroup;
			children = (
				D47F59171DFB63F70013055F /* BowlGames */,
				D47F59161DFB63F70013055F /* Products */,
			);
			sourceTree = "<group>";
		};
		D47F59161DFB63F70013055F /* Products */ = {
			isa = PBXGroup;
			children = (
				D47F59151DFB63F70013055F /* BowlGames.app */,
			);
			name = Products;
			sourceTree = "<group>";
		};
		D47F59171DFB63F70013055F /* BowlGames */ = {
			isa = PBXGroup;
			children = (
				D47F59181DFB63F70013055F /* AppDelegate.swift */,
				D47F591A1DFB63F70013055F /* ViewController.swift */,
				D47F591C1DFB63F70013055F /* Main.storyboard */,
				D47F591F1DFB63F70013055F /* Assets.xcassets */,
				D47F59211DFB63F70013055F /* LaunchScreen.storyboard */,
				D47F59241DFB63F70013055F /* Info.plist */,
			);
			path = BowlGames;
			sourceTree = "<group>";
		};
/* End PBXGroup section */

/* Begin PBXNativeTarget section */
		D47F59141DFB63F70013055F /* BowlGames */ = {
			isa = PBXNativeTarget;
			buildConfigurationList = D47F59271DFB63F70013055F /* Build configuration list for PBXNativeTarget "BowlGames" */;
			buildPhases = (
				D47F59111DFB63F70013055F /* Sources */,
				D47F59121DFB63F70013055F /* Frameworks */,
				D47F59131DFB63F70013055F /* Resources */,
			);
			buildRules = (
			);
			dependencies = (
			);
			name = BowlGames;
			productName = BowlGames;
			productReference = D47F59151DFB63F70013055F /* BowlGames.app */;
			productType = "com.apple.product-type.application";
		};
/* End PBXNativeTarget section */

/* Begin PBXProject section */
		D47F590D1DFB63F70013055F /* Project object */ = {
			isa = PBXProject;
			attributes = {
				LastSwiftUpdateCheck = 0730;
				LastUpgradeCheck = 0730;
				ORGANIZATIONNAME = "Joey Sterling";
				TargetAttributes = {
					D47F59141DFB63F70013055F = {
						CreatedOnToolsVersion = 7.3.1;
						DevelopmentTeam = N5SHYQU29S;
					};
				};
			};
			buildConfigurationList = D47F59101DFB63F70013055F /* Build configuration list for PBXProject "BowlGames" */;
			compatibilityVersion = "Xcode 3.2";
			developmentRegion = English;
			hasScannedForEncodings = 0;
			knownRegions = (
				en,
				Base,
			);
			mainGroup = D47F590C1DFB63F70013055F;
			productRefGroup = D47F59161DFB63F70013055F /* Products */;
			projectDirPath = "";
			projectRoot = "";
			targets = (
				D47F59141DFB63F70013055F /* BowlGames */,
			);
		};
/* End PBXProject section */

/* Begin PBXResourcesBuildPhase section */
		D47F59131DFB63F70013055F /* Resources */ = {
			isa = PBXResourcesBuildPhase;
			buildActionMask = 2147483647;
			files = (
				D47F59231DFB63F70013055F /* LaunchScreen.storyboard in Resources */,
				D47F59201DFB63F70013055F /* Assets.xcassets in Resources */,
				D47F591E1DFB63F70013055F /* Main.storyboard in Resources */,
			);
			runOnlyForDeploymentPostprocessing = 0;
		};
/* End PBXResourcesBuildPhase section */

/* Begin PBXSourcesBuildPhase section */
		D47F59111DFB63F70013055F /* Sources */ = {
			isa = PBXSourcesBuildPhase;
			buildActionMask = 2147483647;
			files = (
				D47F591B1DFB63F70013055F /* ViewController.swift in Sources */,
				D47F59191DFB63F70013055F /* AppDelegate.swift in Sources */,
			);
			runOnlyForDeploymentPostprocessing = 0;
		};
/* End PBXSourcesBuildPhase section */

/* Begin PBXVariantGroup section */
		D47F591C1DFB63F70013055F /* Main.storyboard */ = {
			isa = PBXVariantGroup;
			children = (
				D47F591D1DFB63F70013055F /* Base */,
			);
			name = Main.storyboard;
			sourceTree = "<group>";
		};
		D47F59211DFB63F70013055F /* LaunchScreen.storyboard */ = {
			isa = PBXVariantGroup;
			children = (
				D47F59221DFB63F70013055F /* Base */,
			);
			name = LaunchScreen.storyboard;
			sourceTree = "<group>";
		};
/* End PBXVariantGroup section */

/* Begin XCBuildConfiguration section */
		D47F59251DFB63F70013055F /* Debug */ = {
			isa = XCBuildConfiguration;
			buildSettings = {
				ALWAYS_SEARCH_USER_PATHS = NO;
				CLANG_ANALYZER_NONNULL = YES;
				CLANG_CXX_LANGUAGE_STANDARD = "gnu++0x";
				CLANG_CXX_LIBRARY = "libc++";
				CLANG_ENABLE_MODULES = YES;
				CLANG_ENABLE_OBJC_ARC = YES;
				CLANG_WARN_BOOL_CONVERSION = YES;
				CLANG_WARN_CONSTANT_CONVERSION = YES;
				CLANG_WARN_DIRECT_OBJC_ISA_USAGE = YES_ERROR;
				CLANG_WARN_EMPTY_BODY = YES;
				CLANG_WARN_ENUM_CONVERSION = YES;
				CLANG_WARN_INT_CONVERSION = YES;
				CLANG_WARN_OBJC_ROOT_CLASS = YES_ERROR;
				CLANG_WARN_UNREACHABLE_CODE = YES;
				CLANG_WARN__DUPLICATE_METHOD_MATCH = YES;
				"CODE_SIGN_IDENTITY[sdk=iphoneos*]" = "iPhone Developer";
				COPY_PHASE_STRIP = NO;
				DEBUG_INFORMATION_FORMAT = dwarf;
				ENABLE_STRICT_OBJC_MSGSEND = YES;
				ENABLE_TESTABILITY = YES;
				GCC_C_LANGUAGE_STANDARD = gnu99;
				GCC_DYNAMIC_NO_PIC = NO;
				GCC_NO_COMMON_BLOCKS = YES;
				GCC_OPTIMIZATION_LEVEL = 0;
				GCC_PREPROCESSOR_DEFINITIONS = (
					"DEBUG=1",
					"$(inherited)",
				);
				GCC_WARN_64_TO_32_BIT_CONVERSION = YES;
				GCC_WARN_ABOUT_RETURN_TYPE = YES_ERROR;
				GCC_WARN_UNDECLARED_SELECTOR = YES;
				GCC_WARN_UNINITIALIZED_AUTOS = YES_AGGRESSIVE;
				GCC_WARN_UNUSED_FUNCTION = YES;
				GCC_WARN_UNUSED_VARIABLE = YES;
				IPHONEOS_DEPLOYMENT_TARGET = 9.3;
				MTL_ENABLE_DEBUG_INFO = YES;
				ONLY_ACTIVE_ARCH = YES;
				SDKROOT = iphoneos;
				SWIFT_OPTIMIZATION_LEVEL = "-Onone";
			};
			name = Debug;
		};
		D47F59261DFB63F70013055F /* Release */ = {
			isa = XCBuildConfiguration;
			buildSettings = {
				ALWAYS_SEARCH_USER_PATHS = NO;
				CLANG_ANALYZER_NONNULL = YES;
				CLANG_CXX_LANGUAGE_STANDARD = "gnu++0x";
				CLANG_CXX_LIBRARY = "libc++";
				CLANG_ENABLE_MODULES = YES;
				CLANG_ENABLE_OBJC_ARC = YES;
				CLANG_WARN_BOOL_CONVERSION = YES;
				CLANG_WARN_CONSTANT_CONVERSION = YES;
				CLANG_WARN_DIRECT_OBJC_ISA_USAGE = YES_ERROR;
				CLANG_WARN_EMPTY_BODY = YES;
				CLANG_WARN_ENUM_CONVERSION = YES;
				CLANG_WARN_INT_CONVERSION = YES;
				CLANG_WARN_OBJC_ROOT_CLASS = YES_ERROR;
				CLANG_WARN_UNREACHABLE_CODE = YES;
				CLANG_WARN__DUPLICATE_METHOD_MATCH = YES;
				"CODE_SIGN_IDENTITY[sdk=iphoneos*]" = "iPhone Developer";
				COPY_PHASE_STRIP = NO;
				DEBUG_INFORMATION_FORMAT = "dwarf-with-dsym";
				ENABLE_NS_ASSERTIONS = NO;
				ENABLE_STRICT_OBJC_MSGSEND = YES;
				GCC_C_LANGUAGE_STANDARD = gnu99;
				GCC_NO_COMMON_BLOCKS = YES;
				GCC_WARN_64_TO_32_BIT_CONVERSION = YES;
				GCC_WARN_ABOUT_RETURN_TYPE = YES_ERROR;
				GCC_WARN_UNDECLARED_SELECTOR = YES;
				GCC_WARN_UNINITIALIZED_AUTOS = YES_AGGRESSIVE;
				GCC_WARN_UNUSED_FUNCTION = YES;
				GCC_WARN_UNUSED_VARIABLE = YES;
				IPHONEOS_DEPLOYMENT_TARGET = 9.3;
				MTL_ENABLE_DEBUG_INFO = NO;
				SDKROOT = iphoneos;
				VALIDATE_PRODUCT = YES;
			};
			name = Release;
		};
		D47F59281DFB63F70013055F /* Debug */ = {
			isa = XCBuildConfiguration;
			buildSettings = {
				ASSETCATALOG_COMPILER_APPICON_NAME = AppIcon;
				INFOPLIST_FILE = BowlGames/Info.plist;
				LD_RUNPATH_SEARCH_PATHS = "$(inherited) @executable_path/Frameworks";
				PRODUCT_BUNDLE_IDENTIFIER = com.Games.BowlGames;
				PRODUCT_NAME = "$(TARGET_NAME)";
			};
			name = Debug;
		};
		D47F59291DFB63F70013055F /* Release */ = {
			isa = XCBuildConfiguration;
			buildSettings = {
				ASSETCATALOG_COMPILER_APPICON_NAME = AppIcon;
				INFOPLIST_FILE = BowlGames/Info.plist;
				LD_RUNPATH_SEARCH_PATHS = "$(inherited) @executable_path/Frameworks";
				PRODUCT_BUNDLE_IDENTIFIER = com.Games.BowlGames;
				PRODUCT_NAME = "$(TARGET_NAME)";
			};
			name = Release;
		};
/* End XCBuildConfiguration section */

/* Begin XCConfigurationList section */
		D47F59101DFB63F70013055F /* Build configuration list for PBXProject "BowlGames" */ = {
			isa = XCConfigurationList;
			buildConfigurations = (
				D47F59251DFB63F70013055F /* Debug */,
				D47F59261DFB63F70013055F /* Release */,
			);
			defaultConfigurationIsVisible = 0;
			defaultConfigurationName = Release;
		};
		D47F59271DFB63F70013055F /* Build configuration list for PBXNativeTarget "BowlGames" */ = {
			isa = XCConfigurationList;
			buildConfigurations = (
				D47F59281DFB63F70013055F /* Debug */,
				D47F59291DFB63F70013055F /* Release */,
			);
			defaultConfigurationIsVisible = 0;
		};
/* End XCConfigurationList section */
	};
	rootObject = D47F590D1DFB63F70013055F /* Project object */;
}
